// !$*UTF8*$!
{
	archiveVersion = 1;
	classes = {
	};
	objectVersion = 46;
	objects = {

/* Begin PBXBuildFile section */
		84D45D241BD49F74007B025F /* AppDelegate.swift in Sources */ = {isa = PBXBuildFile; fileRef = 84D45D231BD49F74007B025F /* AppDelegate.swift */; };
		84D45D261BD49F74007B025F /* ViewController.swift in Sources */ = {isa = PBXBuildFile; fileRef = 84D45D251BD49F74007B025F /* ViewController.swift */; };
		84D45D291BD49F74007B025F /* Main.storyboard in Resources */ = {isa = PBXBuildFile; fileRef = 84D45D271BD49F74007B025F /* Main.storyboard */; };
		84D45D2B1BD49F74007B025F /* Assets.xcassets in Resources */ = {isa = PBXBuildFile; fileRef = 84D45D2A1BD49F74007B025F /* Assets.xcassets */; };
		84D45D2E1BD49F74007B025F /* LaunchScreen.storyboard in Resources */ = {isa = PBXBuildFile; fileRef = 84D45D2C1BD49F74007B025F /* LaunchScreen.storyboard */; };
/* End PBXBuildFile section */

/* Begin PBXFileReference section */
		84D45D201BD49F74007B025F /* stackview-exercise.app */ = {isa = PBXFileReference; explicitFileType = wrapper.application; includeInIndex = 0; path = "stackview-exercise.app"; sourceTree = BUILT_PRODUCTS_DIR; };
		84D45D231BD49F74007B025F /* AppDelegate.swift */ = {isa = PBXFileReference; lastKnownFileType = sourcecode.swift; path = AppDelegate.swift; sourceTree = "<group>"; };
		84D45D251BD49F74007B025F /* ViewController.swift */ = {isa = PBXFileReference; lastKnownFileType = sourcecode.swift; path = ViewController.swift; sourceTree = "<group>"; };
		84D45D281BD49F74007B025F /* Base */ = {isa = PBXFileReference; lastKnownFileType = file.storyboard; name = Base; path = Base.lproj/Main.storyboard; sourceTree = "<group>"; };
		84D45D2A1BD49F74007B025F /* Assets.xcassets */ = {isa = PBXFileReference; lastKnownFileType = folder.assetcatalog; path = Assets.xcassets; sourceTree = "<group>"; };
		84D45D2D1BD49F74007B025F /* Base */ = {isa = PBXFileReference; lastKnownFileType = file.storyboard; name = Base; path = Base.lproj/LaunchScreen.storyboard; sourceTree = "<group>"; };
		84D45D2F1BD49F74007B025F /* Info.plist */ = {isa = PBXFileReference; lastKnownFileType = text.plist.xml; path = Info.plist; sourceTree = "<group>"; };
/* End PBXFileReference section */

/* Begin PBXFrameworksBuildPhase section */
		84D45D1D1BD49F74007B025F /* Frameworks */ = {
			isa = PBXFrameworksBuildPhase;
			buildActionMask = 2147483647;
			files = (
			);
			runOnlyForDeploymentPostprocessing = 0;
		};
/* End PBXFrameworksBuildPhase section */

/* Begin PBXGroup section */
		84D45D171BD49F74007B025F = {
			isa = PBXGroup;
			children = (
				84D45D221BD49F74007B025F /* stackview-exercise */,
				84D45D211BD49F74007B025F /* Products */,
			);
			sourceTree = "<group>";
		};
		84D45D211BD49F74007B025F /* Products */ = {
			isa = PBXGroup;
			children = (
				84D45D201BD49F74007B025F /* stackview-exercise.app */,
			);
			name = Products;
			sourceTree = "<group>";
		};
		84D45D221BD49F74007B025F /* stackview-exercise */ = {
			isa = PBXGroup;
			children = (
				84D45D231BD49F74007B025F /* AppDelegate.swift */,
				84D45D251BD49F74007B025F /* ViewController.swift */,
				84D45D271BD49F74007B025F /* Main.storyboard */,
				84D45D2A1BD49F74007B025F /* Assets.xcassets */,
				84D45D2C1BD49F74007B025F /* LaunchScreen.storyboard */,
				84D45D2F1BD49F74007B025F /* Info.plist */,
			);
			path = "stackview-exercise";
			sourceTree = "<group>";
		};
/* End PBXGroup section */

/* Begin PBXNativeTarget section */
		84D45D1F1BD49F74007B025F /* stackview-exercise */ = {
			isa = PBXNativeTarget;
			buildConfigurationList = 84D45D321BD49F74007B025F /* Build configuration list for PBXNativeTarget "stackview-exercise" */;
			buildPhases = (
				84D45D1C1BD49F74007B025F /* Sources */,
				84D45D1D1BD49F74007B025F /* Frameworks */,
				84D45D1E1BD49F74007B025F /* Resources */,
			);
			buildRules = (
			);
			dependencies = (
			);
			name = "stackview-exercise";
			productName = "stackview-exercise";
			productReference = 84D45D201BD49F74007B025F /* stackview-exercise.app */;
			productType = "com.apple.product-type.application";
		};
/* End PBXNativeTarget section */

/* Begin PBXProject section */
		84D45D181BD49F74007B025F /* Project object */ = {
			isa = PBXProject;
			attributes = {
				LastUpgradeCheck = 0700;
				ORGANIZATIONNAME = "Codezero Media";
				TargetAttributes = {
					84D45D1F1BD49F74007B025F = {
						CreatedOnToolsVersion = 7.0.1;
					};
				};
			};
			buildConfigurationList = 84D45D1B1BD49F74007B025F /* Build configuration list for PBXProject "stackview-exercise" */;
			compatibilityVersion = "Xcode 3.2";
			developmentRegion = English;
			hasScannedForEncodings = 0;
			knownRegions = (
				en,
				Base,
			);
			mainGroup = 84D45D171BD49F74007B025F;
			productRefGroup = 84D45D211BD49F74007B025F /* Products */;
			projectDirPath = "";
			projectRoot = "";
			targets = (
				84D45D1F1BD49F74007B025F /* stackview-exercise */,
			);
		};
/* End PBXProject section */

/* Begin PBXResourcesBuildPhase section */
		84D45D1E1BD49F74007B025F /* Resources */ = {
			isa = PBXResourcesBuildPhase;
			buildActionMask = 2147483647;
			files = (
				84D45D2E1BD49F74007B025F /* LaunchScreen.storyboard in Resources */,
				84D45D2B1BD49F74007B025F /* Assets.xcassets in Resources */,
				84D45D291BD49F74007B025F /* Main.storyboard in Resources */,
			);
			runOnlyForDeploymentPostprocessing = 0;
		};
/* End PBXResourcesBuildPhase section */

/* Begin PBXSourcesBuildPhase section */
		84D45D1C1BD49F74007B025F /* Sources */ = {
			isa = PBXSourcesBuildPhase;
			buildActionMask = 2147483647;
			files = (
				84D45D261BD49F74007B025F /* ViewController.swift in Sources */,
				84D45D241BD49F74007B025F /* AppDelegate.swift in Sources */,
			);
			runOnlyForDeploymentPostprocessing = 0;
		};
/* End PBXSourcesBuildPhase section */

/* Begin PBXVariantGroup section */
		84D45D271BD49F74007B025F /* Main.storyboard */ = {
			isa = PBXVariantGroup;
			children = (
				84D45D281BD49F74007B025F /* Base */,
			);
			name = Main.storyboard;
			sourceTree = "<group>";
		};
		84D45D2C1BD49F74007B025F /* LaunchScreen.storyboard */ = {
			isa = PBXVariantGroup;
			children = (
				84D45D2D1BD49F74007B025F /* Base */,
			);
			name = LaunchScreen.storyboard;
			sourceTree = "<group>";
		};
/* End PBXVariantGroup section */

/* Begin XCBuildConfiguration section */
		84D45D301BD49F74007B025F /* Debug */ = {
			isa = XCBuildConfiguration;
			buildSettings = {
				ALWAYS_SEARCH_USER_PATHS = NO;
				CLANG_CXX_LANGUAGE_STANDARD = "gnu++0x";
				CLANG_CXX_LIBRARY = "libc++";
				CLANG_ENABLE_MODULES = YES;
				CLANG_ENABLE_OBJC_ARC = YES;
				CLANG_WARN_BOOL_CONVERSION = YES;
				CLANG_WARN_CONSTANT_CONVERSION = YES;
				CLANG_WARN_DIRECT_OBJC_ISA_USAGE = YES_ERROR;
				CLANG_WARN_EMPTY_BODY = YES;
				CLANG_WARN_ENUM_CONVERSION = YES;
				CLANG_WARN_INT_CONVERSION = YES;
				CLANG_WARN_OBJC_ROOT_CLASS = YES_ERROR;
				CLANG_WARN_UNREACHABLE_CODE = YES;
				CLANG_WARN__DUPLICATE_METHOD_MATCH = YES;
				"CODE_SIGN_IDENTITY[sdk=iphoneos*]" = "iPhone Developer";
				COPY_PHASE_STRIP = NO;
				DEBUG_INFORMATION_FORMAT = dwarf;
				ENABLE_STRICT_OBJC_MSGSEND = YES;
				ENABLE_TESTABILITY = YES;
				GCC_C_LANGUAGE_STANDARD = gnu99;
				GCC_DYNAMIC_NO_PIC = NO;
				GCC_NO_COMMON_BLOCKS = YES;
				GCC_OPTIMIZATION_LEVEL = 0;
				GCC_PREPROCESSOR_DEFINITIONS = (
					"DEBUG=1",
					"$(inherited)",
				);
				GCC_WARN_64_TO_32_BIT_CONVERSION = YES;
				GCC_WARN_ABOUT_RETURN_TYPE = YES_ERROR;
				GCC_WARN_UNDECLARED_SELECTOR = YES;
				GCC_WARN_UNINITIALIZED_AUTOS = YES_AGGRESSIVE;
				GCC_WARN_UNUSED_FUNCTION = YES;
				GCC_WARN_UNUSED_VARIABLE = YES;
				IPHONEOS_DEPLOYMENT_TARGET = 9.0;
				MTL_ENABLE_DEBUG_INFO = YES;
				ONLY_ACTIVE_ARCH = YES;
				SDKROOT = iphoneos;
				SWIFT_OPTIMIZATION_LEVEL = "-Onone";
			};
			name = Debug;
		};
		84D45D311BD49F74007B025F /* Release */ = {
			isa = XCBuildConfiguration;
			buildSettings = {
				ALWAYS_SEARCH_USER_PATHS = NO;
				CLANG_CXX_LANGUAGE_STANDARD = "gnu++0x";
				CLANG_CXX_LIBRARY = "libc++";
				CLANG_ENABLE_MODULES = YES;
				CLANG_ENABLE_OBJC_ARC = YES;
				CLANG_WARN_BOOL_CONVERSION = YES;
				CLANG_WARN_CONSTANT_CONVERSION = YES;
				CLANG_WARN_DIRECT_OBJC_ISA_USAGE = YES_ERROR;
				CLANG_WARN_EMPTY_BODY = YES;
				CLANG_WARN_ENUM_CONVERSION = YES;
				CLANG_WARN_INT_CONVERSION = YES;
				CLANG_WARN_OBJC_ROOT_CLASS = YES_ERROR;
				CLANG_WARN_UNREACHABLE_CODE = YES;
				CLANG_WARN__DUPLICATE_METHOD_MATCH = YES;
				"CODE_SIGN_IDENTITY[sdk=iphoneos*]" = "iPhone Developer";
				COPY_PHASE_STRIP = NO;
				DEBUG_INFORMATION_FORMAT = "dwarf-with-dsym";
				ENABLE_NS_ASSERTIONS = NO;
				ENABLE_STRICT_OBJC_MSGSEND = YES;
				GCC_C_LANGUAGE_STANDARD = gnu99;
				GCC_NO_COMMON_BLOCKS = YES;
				GCC_WARN_64_TO_32_BIT_CONVERSION = YES;
				GCC_WARN_ABOUT_RETURN_TYPE = YES_ERROR;
				GCC_WARN_UNDECLARED_SELECTOR = YES;
				GCC_WARN_UNINITIALIZED_AUTOS = YES_AGGRESSIVE;
				GCC_WARN_UNUSED_FUNCTION = YES;
				GCC_WARN_UNUSED_VARIABLE = YES;
				IPHONEOS_DEPLOYMENT_TARGET = 9.0;
				MTL_ENABLE_DEBUG_INFO = NO;
				SDKROOT = iphoneos;
				VALIDATE_PRODUCT = YES;
			};
			name = Release;
		};
		84D45D331BD49F74007B025F /* Debug */ = {
			isa = XCBuildConfiguration;
			buildSettings = {
				ASSETCATALOG_COMPILER_APPICON_NAME = AppIcon;
				INFOPLIST_FILE = "stackview-exercise/Info.plist";
				LD_RUNPATH_SEARCH_PATHS = "$(inherited) @executable_path/Frameworks";
				PRODUCT_BUNDLE_IDENTIFIER = "com.codezeromedia.stackview-exercise";
				PRODUCT_NAME = "$(TARGET_NAME)";
			};
			name = Debug;
		};
		84D45D341BD49F74007B025F /* Release */ = {
			isa = XCBuildConfiguration;
			buildSettings = {
				ASSETCATALOG_COMPILER_APPICON_NAME = AppIcon;
				INFOPLIST_FILE = "stackview-exercise/Info.plist";
				LD_RUNPATH_SEARCH_PATHS = "$(inherited) @executable_path/Frameworks";
				PRODUCT_BUNDLE_IDENTIFIER = "com.codezeromedia.stackview-exercise";
				PRODUCT_NAME = "$(TARGET_NAME)";
			};
			name = Release;
		};
/* End XCBuildConfiguration section */

/* Begin XCConfigurationList section */
		84D45D1B1BD49F74007B025F /* Build configuration list for PBXProject "stackview-exercise" */ = {
			isa = XCConfigurationList;
			buildConfigurations = (
				84D45D301BD49F74007B025F /* Debug */,
				84D45D311BD49F74007B025F /* Release */,
			);
			defaultConfigurationIsVisible = 0;
			defaultConfigurationName = Release;
		};
		84D45D321BD49F74007B025F /* Build configuration list for PBXNativeTarget "stackview-exercise" */ = {
			isa = XCConfigurationList;
			buildConfigurations = (
				84D45D331BD49F74007B025F /* Debug */,
				84D45D341BD49F74007B025F /* Release */,
			);
			defaultConfigurationIsVisible = 0;
		};
/* End XCConfigurationList section */
	};
	rootObject = 84D45D181BD49F74007B025F /* Project object */;
}
